// !$*UTF8*$!
{
	archiveVersion = 1;
	classes = {
	};
	objectVersion = 46;
	objects = {

/* Begin PBXBuildFile section */
		090362FA1E5CC6CE00584BE8 /* MenuViewController.swift in Sources */ = {isa = PBXBuildFile; fileRef = 090362F91E5CC6CE00584BE8 /* MenuViewController.swift */; };
		090362FC1E5CC76700584BE8 /* SceneViewController.swift in Sources */ = {isa = PBXBuildFile; fileRef = 090362FB1E5CC76700584BE8 /* SceneViewController.swift */; };
		090363001E5CD02D00584BE8 /* LeaderboardViewController.swift in Sources */ = {isa = PBXBuildFile; fileRef = 090362FF1E5CD02D00584BE8 /* LeaderboardViewController.swift */; };
		090363021E5CD03E00584BE8 /* OptionsViewController.swift in Sources */ = {isa = PBXBuildFile; fileRef = 090363011E5CD03E00584BE8 /* OptionsViewController.swift */; };
		090363041E5CD04600584BE8 /* HowToViewController.swift in Sources */ = {isa = PBXBuildFile; fileRef = 090363031E5CD04600584BE8 /* HowToViewController.swift */; };
		090363061E5CD05300584BE8 /* GameViewController.swift in Sources */ = {isa = PBXBuildFile; fileRef = 090363051E5CD05300584BE8 /* GameViewController.swift */; };
		090363081E5CD91900584BE8 /* ic_settings_36pt.png in Resources */ = {isa = PBXBuildFile; fileRef = 090363071E5CD91900584BE8 /* ic_settings_36pt.png */; };
		0903630D1E5D2FB400584BE8 /* PlayerPrefs.swift in Sources */ = {isa = PBXBuildFile; fileRef = 0903630C1E5D2FB400584BE8 /* PlayerPrefs.swift */; };
		0903630F1E5D2FBF00584BE8 /* LevelSelectViewController.swift in Sources */ = {isa = PBXBuildFile; fileRef = 0903630E1E5D2FBF00584BE8 /* LevelSelectViewController.swift */; };
		093B03E61E5591E2008727AE /* Front Screen V2.png in Resources */ = {isa = PBXBuildFile; fileRef = 093B03E41E5591E2008727AE /* Front Screen V2.png */; };
		093B03E71E5591E2008727AE /* Front Screen.png in Resources */ = {isa = PBXBuildFile; fileRef = 093B03E51E5591E2008727AE /* Front Screen.png */; };
		0958EBD51E6128A400B2FC7F /* GLKit.framework in Frameworks */ = {isa = PBXBuildFile; fileRef = 0958EBD41E6128A400B2FC7F /* GLKit.framework */; };
		09E7B51B1E54F46E0027B069 /* AppDelegate.swift in Sources */ = {isa = PBXBuildFile; fileRef = 09E7B51A1E54F46E0027B069 /* AppDelegate.swift */; };
		09E7B51D1E54F46E0027B069 /* Shader.fsh in Resources */ = {isa = PBXBuildFile; fileRef = 09E7B51C1E54F46E0027B069 /* Shader.fsh */; };
		09E7B51F1E54F46E0027B069 /* Shader.vsh in Resources */ = {isa = PBXBuildFile; fileRef = 09E7B51E1E54F46E0027B069 /* Shader.vsh */; };
		09E7B5241E54F46E0027B069 /* Main.storyboard in Resources */ = {isa = PBXBuildFile; fileRef = 09E7B5221E54F46E0027B069 /* Main.storyboard */; };
		09E7B5261E54F46E0027B069 /* Assets.xcassets in Resources */ = {isa = PBXBuildFile; fileRef = 09E7B5251E54F46E0027B069 /* Assets.xcassets */; };
		09E7B5291E54F46E0027B069 /* LaunchScreen.storyboard in Resources */ = {isa = PBXBuildFile; fileRef = 09E7B5271E54F46E0027B069 /* LaunchScreen.storyboard */; };
		B9317F1F1E5E26090030ECEA /* downArrow.png in Resources */ = {isa = PBXBuildFile; fileRef = B9317F1B1E5E26090030ECEA /* downArrow.png */; };
		B9317F201E5E26090030ECEA /* leftArrow.png in Resources */ = {isa = PBXBuildFile; fileRef = B9317F1C1E5E26090030ECEA /* leftArrow.png */; };
		B9317F211E5E26090030ECEA /* rightArrow.png in Resources */ = {isa = PBXBuildFile; fileRef = B9317F1D1E5E26090030ECEA /* rightArrow.png */; };
		B9317F221E5E26090030ECEA /* upArrow.png in Resources */ = {isa = PBXBuildFile; fileRef = B9317F1E1E5E26090030ECEA /* upArrow.png */; };
		B9317F241E5E27B20030ECEA /* redButton.png in Resources */ = {isa = PBXBuildFile; fileRef = B9317F231E5E27B20030ECEA /* redButton.png */; };
		BE785A1D1E6601EC0062B6D3 /* GameObject.swift in Sources */ = {isa = PBXBuildFile; fileRef = BE785A1C1E6601EC0062B6D3 /* GameObject.swift */; };
/* End PBXBuildFile section */

/* Begin PBXFileReference section */
		090362F91E5CC6CE00584BE8 /* MenuViewController.swift */ = {isa = PBXFileReference; fileEncoding = 4; lastKnownFileType = sourcecode.swift; path = MenuViewController.swift; sourceTree = "<group>"; };
		090362FB1E5CC76700584BE8 /* SceneViewController.swift */ = {isa = PBXFileReference; fileEncoding = 4; lastKnownFileType = sourcecode.swift; path = SceneViewController.swift; sourceTree = "<group>"; };
		090362FF1E5CD02D00584BE8 /* LeaderboardViewController.swift */ = {isa = PBXFileReference; fileEncoding = 4; lastKnownFileType = sourcecode.swift; path = LeaderboardViewController.swift; sourceTree = "<group>"; };
		090363011E5CD03E00584BE8 /* OptionsViewController.swift */ = {isa = PBXFileReference; fileEncoding = 4; lastKnownFileType = sourcecode.swift; path = OptionsViewController.swift; sourceTree = "<group>"; };
		090363031E5CD04600584BE8 /* HowToViewController.swift */ = {isa = PBXFileReference; fileEncoding = 4; lastKnownFileType = sourcecode.swift; path = HowToViewController.swift; sourceTree = "<group>"; };
		090363051E5CD05300584BE8 /* GameViewController.swift */ = {isa = PBXFileReference; fileEncoding = 4; lastKnownFileType = sourcecode.swift; path = GameViewController.swift; sourceTree = "<group>"; };
		090363071E5CD91900584BE8 /* ic_settings_36pt.png */ = {isa = PBXFileReference; lastKnownFileType = image.png; name = ic_settings_36pt.png; path = Assets/Icons/ic_settings_36pt.png; sourceTree = "<group>"; };
		0903630C1E5D2FB400584BE8 /* PlayerPrefs.swift */ = {isa = PBXFileReference; fileEncoding = 4; lastKnownFileType = sourcecode.swift; path = PlayerPrefs.swift; sourceTree = "<group>"; };
		0903630E1E5D2FBF00584BE8 /* LevelSelectViewController.swift */ = {isa = PBXFileReference; fileEncoding = 4; lastKnownFileType = sourcecode.swift; path = LevelSelectViewController.swift; sourceTree = "<group>"; };
		093B03E41E5591E2008727AE /* Front Screen V2.png */ = {isa = PBXFileReference; lastKnownFileType = image.png; name = "Front Screen V2.png"; path = "Assets/Front Screen V2.png"; sourceTree = "<group>"; };
		093B03E51E5591E2008727AE /* Front Screen.png */ = {isa = PBXFileReference; lastKnownFileType = image.png; name = "Front Screen.png"; path = "Assets/Front Screen.png"; sourceTree = "<group>"; };
		0958EBD41E6128A400B2FC7F /* GLKit.framework */ = {isa = PBXFileReference; lastKnownFileType = wrapper.framework; name = GLKit.framework; path = System/Library/Frameworks/GLKit.framework; sourceTree = SDKROOT; };
		09E7B5171E54F46E0027B069 /* ScrapyardPickup.app */ = {isa = PBXFileReference; explicitFileType = wrapper.application; includeInIndex = 0; path = ScrapyardPickup.app; sourceTree = BUILT_PRODUCTS_DIR; };
		09E7B51A1E54F46E0027B069 /* AppDelegate.swift */ = {isa = PBXFileReference; lastKnownFileType = sourcecode.swift; path = AppDelegate.swift; sourceTree = "<group>"; };
		09E7B51C1E54F46E0027B069 /* Shader.fsh */ = {isa = PBXFileReference; lastKnownFileType = sourcecode.glsl; name = Shader.fsh; path = Shaders/Shader.fsh; sourceTree = "<group>"; };
		09E7B51E1E54F46E0027B069 /* Shader.vsh */ = {isa = PBXFileReference; lastKnownFileType = sourcecode.glsl; name = Shader.vsh; path = Shaders/Shader.vsh; sourceTree = "<group>"; };
		09E7B5231E54F46E0027B069 /* Base */ = {isa = PBXFileReference; lastKnownFileType = file.storyboard; name = Base; path = Base.lproj/Main.storyboard; sourceTree = "<group>"; };
		09E7B5251E54F46E0027B069 /* Assets.xcassets */ = {isa = PBXFileReference; lastKnownFileType = folder.assetcatalog; path = Assets.xcassets; sourceTree = "<group>"; };
		09E7B5281E54F46E0027B069 /* Base */ = {isa = PBXFileReference; lastKnownFileType = file.storyboard; name = Base; path = Base.lproj/LaunchScreen.storyboard; sourceTree = "<group>"; };
		09E7B52A1E54F46E0027B069 /* Info.plist */ = {isa = PBXFileReference; lastKnownFileType = text.plist.xml; path = Info.plist; sourceTree = "<group>"; };
		82AEE6651E66548200606C35 /* CraneObject.h */ = {isa = PBXFileReference; lastKnownFileType = sourcecode.c.h; lineEnding = 0; path = CraneObject.h; sourceTree = "<group>"; xcLanguageSpecificationIdentifier = xcode.lang.objcpp; };
		B9317F1B1E5E26090030ECEA /* downArrow.png */ = {isa = PBXFileReference; lastKnownFileType = image.png; name = downArrow.png; path = Assets/downArrow.png; sourceTree = "<group>"; };
		B9317F1C1E5E26090030ECEA /* leftArrow.png */ = {isa = PBXFileReference; lastKnownFileType = image.png; name = leftArrow.png; path = Assets/leftArrow.png; sourceTree = "<group>"; };
		B9317F1D1E5E26090030ECEA /* rightArrow.png */ = {isa = PBXFileReference; lastKnownFileType = image.png; name = rightArrow.png; path = Assets/rightArrow.png; sourceTree = "<group>"; };
		B9317F1E1E5E26090030ECEA /* upArrow.png */ = {isa = PBXFileReference; lastKnownFileType = image.png; name = upArrow.png; path = Assets/upArrow.png; sourceTree = "<group>"; };
		B9317F231E5E27B20030ECEA /* redButton.png */ = {isa = PBXFileReference; lastKnownFileType = image.png; name = redButton.png; path = Assets/redButton.png; sourceTree = "<group>"; };
		BE785A1C1E6601EC0062B6D3 /* GameObject.swift */ = {isa = PBXFileReference; fileEncoding = 4; lastKnownFileType = sourcecode.swift; path = GameObject.swift; sourceTree = "<group>"; };
/* End PBXFileReference section */

/* Begin PBXFrameworksBuildPhase section */
		09E7B5141E54F46D0027B069 /* Frameworks */ = {
			isa = PBXFrameworksBuildPhase;
			buildActionMask = 2147483647;
			files = (
				0958EBD51E6128A400B2FC7F /* GLKit.framework in Frameworks */,
			);
			runOnlyForDeploymentPostprocessing = 0;
		};
/* End PBXFrameworksBuildPhase section */

/* Begin PBXGroup section */
		090363091E5CD92700584BE8 /* Icons */ = {
			isa = PBXGroup;
			children = (
				090363071E5CD91900584BE8 /* ic_settings_36pt.png */,
			);
			name = Icons;
			sourceTree = "<group>";
		};
		090363101E5D2FCA00584BE8 /* GameFiles */ = {
			isa = PBXGroup;
			children = (
				0903630C1E5D2FB400584BE8 /* PlayerPrefs.swift */,
				BE785A1C1E6601EC0062B6D3 /* GameObject.swift */,
			);
			name = GameFiles;
			sourceTree = "<group>";
		};
		091284501E558C6700BAB7AD /* ViewControllers */ = {
			isa = PBXGroup;
			children = (
				090363051E5CD05300584BE8 /* GameViewController.swift */,
				090363031E5CD04600584BE8 /* HowToViewController.swift */,
				090362FF1E5CD02D00584BE8 /* LeaderboardViewController.swift */,
				0903630E1E5D2FBF00584BE8 /* LevelSelectViewController.swift */,
				090362F91E5CC6CE00584BE8 /* MenuViewController.swift */,
				090363011E5CD03E00584BE8 /* OptionsViewController.swift */,
				090362FB1E5CC76700584BE8 /* SceneViewController.swift */,
			);
			name = ViewControllers;
			sourceTree = "<group>";
		};
		091284511E558C8900BAB7AD /* StoryBoards */ = {
			isa = PBXGroup;
			children = (
				09E7B5221E54F46E0027B069 /* Main.storyboard */,
				09E7B5271E54F46E0027B069 /* LaunchScreen.storyboard */,
			);
			name = StoryBoards;
			sourceTree = "<group>";
		};
		093B03DE1E558EAD008727AE /* Assets */ = {
			isa = PBXGroup;
			children = (
				82AEE6641E66546B00606C35 /* Objects */,
				090363091E5CD92700584BE8 /* Icons */,
				093B03DF1E558EB6008727AE /* Images */,
			);
			name = Assets;
			sourceTree = "<group>";
		};
		093B03DF1E558EB6008727AE /* Images */ = {
			isa = PBXGroup;
			children = (
				B9317F231E5E27B20030ECEA /* redButton.png */,
				B9317F1B1E5E26090030ECEA /* downArrow.png */,
				B9317F1C1E5E26090030ECEA /* leftArrow.png */,
				B9317F1D1E5E26090030ECEA /* rightArrow.png */,
				B9317F1E1E5E26090030ECEA /* upArrow.png */,
				093B03E41E5591E2008727AE /* Front Screen V2.png */,
				093B03E51E5591E2008727AE /* Front Screen.png */,
			);
			name = Images;
			sourceTree = "<group>";
		};
		0958EBD31E6128A400B2FC7F /* Frameworks */ = {
			isa = PBXGroup;
			children = (
				0958EBD41E6128A400B2FC7F /* GLKit.framework */,
			);
			name = Frameworks;
			sourceTree = "<group>";
		};
		09E7B50E1E54F46D0027B069 = {
			isa = PBXGroup;
			children = (
				09E7B5191E54F46E0027B069 /* ScrapyardPickup */,
				09E7B5181E54F46E0027B069 /* Products */,
				0958EBD31E6128A400B2FC7F /* Frameworks */,
			);
			sourceTree = "<group>";
		};
		09E7B5181E54F46E0027B069 /* Products */ = {
			isa = PBXGroup;
			children = (
				09E7B5171E54F46E0027B069 /* ScrapyardPickup.app */,
			);
			name = Products;
			sourceTree = "<group>";
		};
		09E7B5191E54F46E0027B069 /* ScrapyardPickup */ = {
			isa = PBXGroup;
			children = (
				093B03DE1E558EAD008727AE /* Assets */,
				090363101E5D2FCA00584BE8 /* GameFiles */,
				091284511E558C8900BAB7AD /* StoryBoards */,
				091284501E558C6700BAB7AD /* ViewControllers */,
				09E7B51A1E54F46E0027B069 /* AppDelegate.swift */,
				09E7B51C1E54F46E0027B069 /* Shader.fsh */,
				09E7B51E1E54F46E0027B069 /* Shader.vsh */,
				09E7B5251E54F46E0027B069 /* Assets.xcassets */,
				09E7B52A1E54F46E0027B069 /* Info.plist */,
			);
			path = ScrapyardPickup;
			sourceTree = "<group>";
		};
		82AEE6641E66546B00606C35 /* Objects */ = {
			isa = PBXGroup;
			children = (
				82AEE6651E66548200606C35 /* CraneObject.h */,
			);
			name = Objects;
			sourceTree = "<group>";
		};
/* End PBXGroup section */

/* Begin PBXNativeTarget section */
		09E7B5161E54F46D0027B069 /* ScrapyardPickup */ = {
			isa = PBXNativeTarget;
			buildConfigurationList = 09E7B52D1E54F46E0027B069 /* Build configuration list for PBXNativeTarget "ScrapyardPickup" */;
			buildPhases = (
				09E7B5131E54F46D0027B069 /* Sources */,
				09E7B5141E54F46D0027B069 /* Frameworks */,
				09E7B5151E54F46D0027B069 /* Resources */,
			);
			buildRules = (
			);
			dependencies = (
			);
			name = ScrapyardPickup;
			productName = ScrapyardPickup;
			productReference = 09E7B5171E54F46E0027B069 /* ScrapyardPickup.app */;
			productType = "com.apple.product-type.application";
		};
/* End PBXNativeTarget section */

/* Begin PBXProject section */
		09E7B50F1E54F46D0027B069 /* Project object */ = {
			isa = PBXProject;
			attributes = {
				LastSwiftUpdateCheck = 0820;
				LastUpgradeCheck = 0820;
				ORGANIZATIONNAME = "CRNK Studios";
				TargetAttributes = {
					09E7B5161E54F46D0027B069 = {
						CreatedOnToolsVersion = 8.2.1;
						DevelopmentTeam = 26RCKZ873P;
						ProvisioningStyle = Automatic;
					};
				};
			};
			buildConfigurationList = 09E7B5121E54F46D0027B069 /* Build configuration list for PBXProject "ScrapyardPickup" */;
			compatibilityVersion = "Xcode 3.2";
			developmentRegion = English;
			hasScannedForEncodings = 0;
			knownRegions = (
				en,
				Base,
			);
			mainGroup = 09E7B50E1E54F46D0027B069;
			productRefGroup = 09E7B5181E54F46E0027B069 /* Products */;
			projectDirPath = "";
			projectRoot = "";
			targets = (
				09E7B5161E54F46D0027B069 /* ScrapyardPickup */,
			);
		};
/* End PBXProject section */

/* Begin PBXResourcesBuildPhase section */
		09E7B5151E54F46D0027B069 /* Resources */ = {
			isa = PBXResourcesBuildPhase;
			buildActionMask = 2147483647;
			files = (
				09E7B5241E54F46E0027B069 /* Main.storyboard in Resources */,
				09E7B51F1E54F46E0027B069 /* Shader.vsh in Resources */,
				B9317F201E5E26090030ECEA /* leftArrow.png in Resources */,
				09E7B5261E54F46E0027B069 /* Assets.xcassets in Resources */,
				B9317F1F1E5E26090030ECEA /* downArrow.png in Resources */,
				09E7B5291E54F46E0027B069 /* LaunchScreen.storyboard in Resources */,
				09E7B51D1E54F46E0027B069 /* Shader.fsh in Resources */,
				093B03E61E5591E2008727AE /* Front Screen V2.png in Resources */,
				B9317F211E5E26090030ECEA /* rightArrow.png in Resources */,
				093B03E71E5591E2008727AE /* Front Screen.png in Resources */,
				B9317F221E5E26090030ECEA /* upArrow.png in Resources */,
				B9317F241E5E27B20030ECEA /* redButton.png in Resources */,
				090363081E5CD91900584BE8 /* ic_settings_36pt.png in Resources */,
			);
			runOnlyForDeploymentPostprocessing = 0;
		};
/* End PBXResourcesBuildPhase section */

/* Begin PBXSourcesBuildPhase section */
		09E7B5131E54F46D0027B069 /* Sources */ = {
			isa = PBXSourcesBuildPhase;
			buildActionMask = 2147483647;
			files = (
				090362FC1E5CC76700584BE8 /* SceneViewController.swift in Sources */,
				0903630F1E5D2FBF00584BE8 /* LevelSelectViewController.swift in Sources */,
				090363001E5CD02D00584BE8 /* LeaderboardViewController.swift in Sources */,
				090363021E5CD03E00584BE8 /* OptionsViewController.swift in Sources */,
				BE785A1D1E6601EC0062B6D3 /* GameObject.swift in Sources */,
				090363061E5CD05300584BE8 /* GameViewController.swift in Sources */,
				0903630D1E5D2FB400584BE8 /* PlayerPrefs.swift in Sources */,
				090362FA1E5CC6CE00584BE8 /* MenuViewController.swift in Sources */,
				090363041E5CD04600584BE8 /* HowToViewController.swift in Sources */,
				09E7B51B1E54F46E0027B069 /* AppDelegate.swift in Sources */,
			);
			runOnlyForDeploymentPostprocessing = 0;
		};
/* End PBXSourcesBuildPhase section */

/* Begin PBXVariantGroup section */
		09E7B5221E54F46E0027B069 /* Main.storyboard */ = {
			isa = PBXVariantGroup;
			children = (
				09E7B5231E54F46E0027B069 /* Base */,
			);
			name = Main.storyboard;
			sourceTree = "<group>";
		};
		09E7B5271E54F46E0027B069 /* LaunchScreen.storyboard */ = {
			isa = PBXVariantGroup;
			children = (
				09E7B5281E54F46E0027B069 /* Base */,
			);
			name = LaunchScreen.storyboard;
			sourceTree = "<group>";
		};
/* End PBXVariantGroup section */

/* Begin XCBuildConfiguration section */
		09E7B52B1E54F46E0027B069 /* Debug */ = {
			isa = XCBuildConfiguration;
			buildSettings = {
				ALWAYS_SEARCH_USER_PATHS = NO;
				CLANG_ANALYZER_NONNULL = YES;
				CLANG_CXX_LANGUAGE_STANDARD = "gnu++0x";
				CLANG_CXX_LIBRARY = "libc++";
				CLANG_ENABLE_MODULES = YES;
				CLANG_ENABLE_OBJC_ARC = YES;
				CLANG_WARN_BOOL_CONVERSION = YES;
				CLANG_WARN_CONSTANT_CONVERSION = YES;
				CLANG_WARN_DIRECT_OBJC_ISA_USAGE = YES_ERROR;
				CLANG_WARN_DOCUMENTATION_COMMENTS = YES;
				CLANG_WARN_EMPTY_BODY = YES;
				CLANG_WARN_ENUM_CONVERSION = YES;
				CLANG_WARN_INFINITE_RECURSION = YES;
				CLANG_WARN_INT_CONVERSION = YES;
				CLANG_WARN_OBJC_ROOT_CLASS = YES_ERROR;
				CLANG_WARN_SUSPICIOUS_MOVE = YES;
				CLANG_WARN_UNREACHABLE_CODE = YES;
				CLANG_WARN__DUPLICATE_METHOD_MATCH = YES;
				"CODE_SIGN_IDENTITY[sdk=iphoneos*]" = "iPhone Developer";
				COPY_PHASE_STRIP = NO;
				DEBUG_INFORMATION_FORMAT = dwarf;
				ENABLE_STRICT_OBJC_MSGSEND = YES;
				ENABLE_TESTABILITY = YES;
				GCC_C_LANGUAGE_STANDARD = gnu99;
				GCC_DYNAMIC_NO_PIC = NO;
				GCC_NO_COMMON_BLOCKS = YES;
				GCC_OPTIMIZATION_LEVEL = 0;
				GCC_PREPROCESSOR_DEFINITIONS = (
					"DEBUG=1",
					"$(inherited)",
				);
				GCC_WARN_64_TO_32_BIT_CONVERSION = YES;
				GCC_WARN_ABOUT_RETURN_TYPE = YES_ERROR;
				GCC_WARN_UNDECLARED_SELECTOR = YES;
				GCC_WARN_UNINITIALIZED_AUTOS = YES_AGGRESSIVE;
				GCC_WARN_UNUSED_FUNCTION = YES;
				GCC_WARN_UNUSED_VARIABLE = YES;
				IPHONEOS_DEPLOYMENT_TARGET = 10.2;
				MTL_ENABLE_DEBUG_INFO = YES;
				ONLY_ACTIVE_ARCH = YES;
				SDKROOT = iphoneos;
				SWIFT_ACTIVE_COMPILATION_CONDITIONS = DEBUG;
				SWIFT_OPTIMIZATION_LEVEL = "-Onone";
				TARGETED_DEVICE_FAMILY = "1,2";
			};
			name = Debug;
		};
		09E7B52C1E54F46E0027B069 /* Release */ = {
			isa = XCBuildConfiguration;
			buildSettings = {
				ALWAYS_SEARCH_USER_PATHS = NO;
				CLANG_ANALYZER_NONNULL = YES;
				CLANG_CXX_LANGUAGE_STANDARD = "gnu++0x";
				CLANG_CXX_LIBRARY = "libc++";
				CLANG_ENABLE_MODULES = YES;
				CLANG_ENABLE_OBJC_ARC = YES;
				CLANG_WARN_BOOL_CONVERSION = YES;
				CLANG_WARN_CONSTANT_CONVERSION = YES;
				CLANG_WARN_DIRECT_OBJC_ISA_USAGE = YES_ERROR;
				CLANG_WARN_DOCUMENTATION_COMMENTS = YES;
				CLANG_WARN_EMPTY_BODY = YES;
				CLANG_WARN_ENUM_CONVERSION = YES;
				CLANG_WARN_INFINITE_RECURSION = YES;
				CLANG_WARN_INT_CONVERSION = YES;
				CLANG_WARN_OBJC_ROOT_CLASS = YES_ERROR;
				CLANG_WARN_SUSPICIOUS_MOVE = YES;
				CLANG_WARN_UNREACHABLE_CODE = YES;
				CLANG_WARN__DUPLICATE_METHOD_MATCH = YES;
				"CODE_SIGN_IDENTITY[sdk=iphoneos*]" = "iPhone Developer";
				COPY_PHASE_STRIP = NO;
				DEBUG_INFORMATION_FORMAT = "dwarf-with-dsym";
				ENABLE_NS_ASSERTIONS = NO;
				ENABLE_STRICT_OBJC_MSGSEND = YES;
				GCC_C_LANGUAGE_STANDARD = gnu99;
				GCC_NO_COMMON_BLOCKS = YES;
				GCC_WARN_64_TO_32_BIT_CONVERSION = YES;
				GCC_WARN_ABOUT_RETURN_TYPE = YES_ERROR;
				GCC_WARN_UNDECLARED_SELECTOR = YES;
				GCC_WARN_UNINITIALIZED_AUTOS = YES_AGGRESSIVE;
				GCC_WARN_UNUSED_FUNCTION = YES;
				GCC_WARN_UNUSED_VARIABLE = YES;
				IPHONEOS_DEPLOYMENT_TARGET = 10.2;
				MTL_ENABLE_DEBUG_INFO = NO;
				SDKROOT = iphoneos;
				SWIFT_OPTIMIZATION_LEVEL = "-Owholemodule";
				TARGETED_DEVICE_FAMILY = "1,2";
				VALIDATE_PRODUCT = YES;
			};
			name = Release;
		};
		09E7B52E1E54F46E0027B069 /* Debug */ = {
			isa = XCBuildConfiguration;
			buildSettings = {
				ASSETCATALOG_COMPILER_APPICON_NAME = AppIcon;
				"CODE_SIGN_IDENTITY[sdk=iphoneos*]" = "iPhone Developer";
				DEVELOPMENT_TEAM = 26RCKZ873P;
				INFOPLIST_FILE = ScrapyardPickup/Info.plist;
				IPHONEOS_DEPLOYMENT_TARGET = 9.0;
				LD_RUNPATH_SEARCH_PATHS = "$(inherited) @executable_path/Frameworks";
				PRODUCT_BUNDLE_IDENTIFIER = com.crnkstudios.ScrapyardPickup;
				PRODUCT_NAME = "$(TARGET_NAME)";
				SWIFT_VERSION = 3.0;
			};
			name = Debug;
		};
		09E7B52F1E54F46E0027B069 /* Release */ = {
			isa = XCBuildConfiguration;
			buildSettings = {
				ASSETCATALOG_COMPILER_APPICON_NAME = AppIcon;
				"CODE_SIGN_IDENTITY[sdk=iphoneos*]" = "iPhone Developer";
				DEVELOPMENT_TEAM = 26RCKZ873P;
				INFOPLIST_FILE = ScrapyardPickup/Info.plist;
				IPHONEOS_DEPLOYMENT_TARGET = 9.0;
				LD_RUNPATH_SEARCH_PATHS = "$(inherited) @executable_path/Frameworks";
				PRODUCT_BUNDLE_IDENTIFIER = com.crnkstudios.ScrapyardPickup;
				PRODUCT_NAME = "$(TARGET_NAME)";
				SWIFT_VERSION = 3.0;
			};
			name = Release;
		};
/* End XCBuildConfiguration section */

/* Begin XCConfigurationList section */
		09E7B5121E54F46D0027B069 /* Build configuration list for PBXProject "ScrapyardPickup" */ = {
			isa = XCConfigurationList;
			buildConfigurations = (
				09E7B52B1E54F46E0027B069 /* Debug */,
				09E7B52C1E54F46E0027B069 /* Release */,
			);
			defaultConfigurationIsVisible = 0;
			defaultConfigurationName = Release;
		};
		09E7B52D1E54F46E0027B069 /* Build configuration list for PBXNativeTarget "ScrapyardPickup" */ = {
			isa = XCConfigurationList;
			buildConfigurations = (
				09E7B52E1E54F46E0027B069 /* Debug */,
				09E7B52F1E54F46E0027B069 /* Release */,
			);
			defaultConfigurationIsVisible = 0;
			defaultConfigurationName = Release;
		};
/* End XCConfigurationList section */
	};
	rootObject = 09E7B50F1E54F46D0027B069 /* Project object */;
}
